
Microsoft Visual Studio Solution File, Format Version 12.00
# Visual Studio Version 16
VisualStudioVersion = 16.0.29911.84
MinimumVisualStudioVersion = 10.0.40219.1
Project("{FAE04EC0-301F-11D3-BF4B-00C04F79EFBC}") = "12harjoitus", "12harjoitus\12harjoitus.csproj", "{16B9064F-B90F-4D04-923E-33A9A191A7EE}"
EndProject
Global
	GlobalSection(SolutionConfigurationPlatforms) = preSolution
		Debug|Any CPU = Debug|Any CPU
		Release|Any CPU = Release|Any CPU
	EndGlobalSection
	GlobalSection(ProjectConfigurationPlatforms) = postSolution
		{16B9064F-B90F-4D04-923E-33A9A191A7EE}.Debug|Any CPU.ActiveCfg = Debug|Any CPU
		{16B9064F-B90F-4D04-923E-33A9A191A7EE}.Debug|Any CPU.Build.0 = Debug|Any CPU
		{16B9064F-B90F-4D04-923E-33A9A191A7EE}.Release|Any CPU.ActiveCfg = Release|Any CPU
		{16B9064F-B90F-4D04-923E-33A9A191A7EE}.Release|Any CPU.Build.0 = Release|Any CPU
	EndGlobalSection
	GlobalSection(SolutionProperties) = preSolution
		HideSolutionNode = FALSE
	EndGlobalSection
	GlobalSection(ExtensibilityGlobals) = postSolution
		SolutionGuid = {35010682-9DAE-4E99-A4F3-38A13809B1EC}
	EndGlobalSection
EndGlobal
