
Microsoft Visual Studio Solution File, Format Version 12.00
# Visual Studio Version 16
VisualStudioVersion = 16.0.31613.86
MinimumVisualStudioVersion = 10.0.40219.1
Project("{FAE04EC0-301F-11D3-BF4B-00C04F79EFBC}") = "2harjoitus", "2harjoitus\2harjoitus.csproj", "{92DA0EE5-B634-4020-80AF-5021717B9639}"
EndProject
Global
	GlobalSection(SolutionConfigurationPlatforms) = preSolution
		Debug|Any CPU = Debug|Any CPU
		Release|Any CPU = Release|Any CPU
	EndGlobalSection
	GlobalSection(ProjectConfigurationPlatforms) = postSolution
		{92DA0EE5-B634-4020-80AF-5021717B9639}.Debug|Any CPU.ActiveCfg = Debug|Any CPU
		{92DA0EE5-B634-4020-80AF-5021717B9639}.Debug|Any CPU.Build.0 = Debug|Any CPU
		{92DA0EE5-B634-4020-80AF-5021717B9639}.Release|Any CPU.ActiveCfg = Release|Any CPU
		{92DA0EE5-B634-4020-80AF-5021717B9639}.Release|Any CPU.Build.0 = Release|Any CPU
	EndGlobalSection
	GlobalSection(SolutionProperties) = preSolution
		HideSolutionNode = FALSE
	EndGlobalSection
	GlobalSection(ExtensibilityGlobals) = postSolution
		SolutionGuid = {82470D56-BFC3-4D16-900A-A56B8FB1727B}
	EndGlobalSection
EndGlobal
