
Microsoft Visual Studio Solution File, Format Version 12.00
# Visual Studio Version 16
VisualStudioVersion = 16.0.31613.86
MinimumVisualStudioVersion = 10.0.40219.1
Project("{FAE04EC0-301F-11D3-BF4B-00C04F79EFBC}") = "3harjoitus", "3harjoitus\3harjoitus.csproj", "{1CCC303E-67C5-4861-B66F-C23210CB4469}"
EndProject
Global
	GlobalSection(SolutionConfigurationPlatforms) = preSolution
		Debug|Any CPU = Debug|Any CPU
		Release|Any CPU = Release|Any CPU
	EndGlobalSection
	GlobalSection(ProjectConfigurationPlatforms) = postSolution
		{1CCC303E-67C5-4861-B66F-C23210CB4469}.Debug|Any CPU.ActiveCfg = Debug|Any CPU
		{1CCC303E-67C5-4861-B66F-C23210CB4469}.Debug|Any CPU.Build.0 = Debug|Any CPU
		{1CCC303E-67C5-4861-B66F-C23210CB4469}.Release|Any CPU.ActiveCfg = Release|Any CPU
		{1CCC303E-67C5-4861-B66F-C23210CB4469}.Release|Any CPU.Build.0 = Release|Any CPU
	EndGlobalSection
	GlobalSection(SolutionProperties) = preSolution
		HideSolutionNode = FALSE
	EndGlobalSection
	GlobalSection(ExtensibilityGlobals) = postSolution
		SolutionGuid = {5830F03C-3A00-40D7-A9AC-6AC30D86A616}
	EndGlobalSection
EndGlobal
